
Microsoft Visual Studio Solution File, Format Version 12.00
# Visual Studio Version 17
VisualStudioVersion = 17.8.34322.80
MinimumVisualStudioVersion = 10.0.40219.1
Project("{FAE04EC0-301F-11D3-BF4B-00C04F79EFBC}") = "Velzon", "Velzon.csproj", "{440609D4-81BC-4C4D-AACC-06673B99BC04}"
EndProject
Global
	GlobalSection(SolutionConfigurationPlatforms) = preSolution
		Debug|Any CPU = Debug|Any CPU
		Release|Any CPU = Release|Any CPU
	EndGlobalSection
	GlobalSection(ProjectConfigurationPlatforms) = postSolution
		{440609D4-81BC-4C4D-AACC-06673B99BC04}.Debug|Any CPU.ActiveCfg = Debug|Any CPU
		{440609D4-81BC-4C4D-AACC-06673B99BC04}.Debug|Any CPU.Build.0 = Debug|Any CPU
		{440609D4-81BC-4C4D-AACC-06673B99BC04}.Release|Any CPU.ActiveCfg = Release|Any CPU
		{440609D4-81BC-4C4D-AACC-06673B99BC04}.Release|Any CPU.Build.0 = Release|Any CPU
	EndGlobalSection
	GlobalSection(SolutionProperties) = preSolution
		HideSolutionNode = FALSE
	EndGlobalSection
	GlobalSection(ExtensibilityGlobals) = postSolution
		SolutionGuid = {D23D955C-C746-4AC6-BF7A-37D5C5E0BF4B}
	EndGlobalSection
EndGlobal
