
Microsoft Visual Studio Solution File, Format Version 12.00
# Visual Studio Version 17
VisualStudioVersion = 17.8.34316.72
MinimumVisualStudioVersion = 10.0.40219.1
Project("{FAE04EC0-301F-11D3-BF4B-00C04F79EFBC}") = "Velzon", "Velzon.csproj", "{12675EB1-9A20-4F35-817A-2EA6FC9E0F39}"
EndProject
Global
	GlobalSection(SolutionConfigurationPlatforms) = preSolution
		Debug|Any CPU = Debug|Any CPU
		Release|Any CPU = Release|Any CPU
	EndGlobalSection
	GlobalSection(ProjectConfigurationPlatforms) = postSolution
		{12675EB1-9A20-4F35-817A-2EA6FC9E0F39}.Debug|Any CPU.ActiveCfg = Debug|Any CPU
		{12675EB1-9A20-4F35-817A-2EA6FC9E0F39}.Debug|Any CPU.Build.0 = Debug|Any CPU
		{12675EB1-9A20-4F35-817A-2EA6FC9E0F39}.Release|Any CPU.ActiveCfg = Release|Any CPU
		{12675EB1-9A20-4F35-817A-2EA6FC9E0F39}.Release|Any CPU.Build.0 = Release|Any CPU
	EndGlobalSection
	GlobalSection(SolutionProperties) = preSolution
		HideSolutionNode = FALSE
	EndGlobalSection
	GlobalSection(ExtensibilityGlobals) = postSolution
		SolutionGuid = {3BA748FB-46BA-4322-ABD5-C536BB016EB8}
	EndGlobalSection
EndGlobal
