
Microsoft Visual Studio Solution File, Format Version 12.00
# Visual Studio Version 17
VisualStudioVersion = 17.8.34322.80
MinimumVisualStudioVersion = 10.0.40219.1
Project("{FAE04EC0-301F-11D3-BF4B-00C04F79EFBC}") = "Velzon", "Velzon.csproj", "{85073E40-CDEA-4451-9C87-37CA59D8D5A9}"
EndProject
Global
	GlobalSection(SolutionConfigurationPlatforms) = preSolution
		Debug|Any CPU = Debug|Any CPU
		Release|Any CPU = Release|Any CPU
	EndGlobalSection
	GlobalSection(ProjectConfigurationPlatforms) = postSolution
		{85073E40-CDEA-4451-9C87-37CA59D8D5A9}.Debug|Any CPU.ActiveCfg = Debug|Any CPU
		{85073E40-CDEA-4451-9C87-37CA59D8D5A9}.Debug|Any CPU.Build.0 = Debug|Any CPU
		{85073E40-CDEA-4451-9C87-37CA59D8D5A9}.Release|Any CPU.ActiveCfg = Release|Any CPU
		{85073E40-CDEA-4451-9C87-37CA59D8D5A9}.Release|Any CPU.Build.0 = Release|Any CPU
	EndGlobalSection
	GlobalSection(SolutionProperties) = preSolution
		HideSolutionNode = FALSE
	EndGlobalSection
	GlobalSection(ExtensibilityGlobals) = postSolution
		SolutionGuid = {71EE65B5-8791-4463-8E0E-D8B5E09440E4}
	EndGlobalSection
EndGlobal
